
Microsoft Visual Studio Solution File, Format Version 12.00
# Visual Studio Version 18
VisualStudioVersion = 18.6.11806.211 stable
MinimumVisualStudioVersion = 10.0.40219.1
Project("{FAE04EC0-301F-11D3-BF4B-00C04F79EFBC}") = "tubes-hub", "tubes-hub.csproj", "{DAFC373C-CE42-A696-8011-9180B93B2D6C}"
EndProject
Project("{FAE04EC0-301F-11D3-BF4B-00C04F79EFBC}") = "TubesHubGUI", "TubesHubGUI\TubesHubGUI.csproj", "{8B5E7D69-54BE-F114-D13B-5729F59B9753}"
EndProject
Global
	GlobalSection(SolutionConfigurationPlatforms) = preSolution
		Debug|Any CPU = Debug|Any CPU
		Debug|x64 = Debug|x64
		Debug|x86 = Debug|x86
		Release|Any CPU = Release|Any CPU
		Release|x64 = Release|x64
		Release|x86 = Release|x86
	EndGlobalSection
	GlobalSection(ProjectConfigurationPlatforms) = postSolution
		{DAFC373C-CE42-A696-8011-9180B93B2D6C}.Debug|Any CPU.ActiveCfg = Debug|Any CPU
		{DAFC373C-CE42-A696-8011-9180B93B2D6C}.Debug|Any CPU.Build.0 = Debug|Any CPU
		{DAFC373C-CE42-A696-8011-9180B93B2D6C}.Debug|x64.ActiveCfg = Debug|Any CPU
		{DAFC373C-CE42-A696-8011-9180B93B2D6C}.Debug|x64.Build.0 = Debug|Any CPU
		{DAFC373C-CE42-A696-8011-9180B93B2D6C}.Debug|x86.ActiveCfg = Debug|Any CPU
		{DAFC373C-CE42-A696-8011-9180B93B2D6C}.Debug|x86.Build.0 = Debug|Any CPU
		{DAFC373C-CE42-A696-8011-9180B93B2D6C}.Release|Any CPU.ActiveCfg = Release|Any CPU
		{DAFC373C-CE42-A696-8011-9180B93B2D6C}.Release|Any CPU.Build.0 = Release|Any CPU
		{DAFC373C-CE42-A696-8011-9180B93B2D6C}.Release|x64.ActiveCfg = Release|Any CPU
		{DAFC373C-CE42-A696-8011-9180B93B2D6C}.Release|x64.Build.0 = Release|Any CPU
		{DAFC373C-CE42-A696-8011-9180B93B2D6C}.Release|x86.ActiveCfg = Release|Any CPU
		{DAFC373C-CE42-A696-8011-9180B93B2D6C}.Release|x86.Build.0 = Release|Any CPU
		{8B5E7D69-54BE-F114-D13B-5729F59B9753}.Debug|Any CPU.ActiveCfg = Debug|Any CPU
		{8B5E7D69-54BE-F114-D13B-5729F59B9753}.Debug|Any CPU.Build.0 = Debug|Any CPU
		{8B5E7D69-54BE-F114-D13B-5729F59B9753}.Debug|x64.ActiveCfg = Debug|Any CPU
		{8B5E7D69-54BE-F114-D13B-5729F59B9753}.Debug|x64.Build.0 = Debug|Any CPU
		{8B5E7D69-54BE-F114-D13B-5729F59B9753}.Debug|x86.ActiveCfg = Debug|Any CPU
		{8B5E7D69-54BE-F114-D13B-5729F59B9753}.Debug|x86.Build.0 = Debug|Any CPU
		{8B5E7D69-54BE-F114-D13B-5729F59B9753}.Release|Any CPU.ActiveCfg = Release|Any CPU
		{8B5E7D69-54BE-F114-D13B-5729F59B9753}.Release|Any CPU.Build.0 = Release|Any CPU
		{8B5E7D69-54BE-F114-D13B-5729F59B9753}.Release|x64.ActiveCfg = Release|Any CPU
		{8B5E7D69-54BE-F114-D13B-5729F59B9753}.Release|x64.Build.0 = Release|Any CPU
		{8B5E7D69-54BE-F114-D13B-5729F59B9753}.Release|x86.ActiveCfg = Release|Any CPU
		{8B5E7D69-54BE-F114-D13B-5729F59B9753}.Release|x86.Build.0 = Release|Any CPU
	EndGlobalSection
	GlobalSection(SolutionProperties) = preSolution
		HideSolutionNode = FALSE
	EndGlobalSection
	GlobalSection(ExtensibilityGlobals) = postSolution
		SolutionGuid = {34B4B8E3-9220-400F-A5EA-123AD99CA8C2}
	EndGlobalSection
EndGlobal
